
Microsoft Visual Studio Solution File, Format Version 10.00
# Visual Studio 2008
Project("{FAE04EC0-301F-11D3-BF4B-00C04F79EFBC}") = "AppStract.Manager", "AppStract.Manager\AppStract.Manager.csproj", "{9497B6D7-48A2-4B3F-B0A3-880A2A8724C3}"
EndProject
Project("{FAE04EC0-301F-11D3-BF4B-00C04F79EFBC}") = "AppStract.Utilities", "AppStract.Utilities\AppStract.Utilities.csproj", "{29578947-FFF4-4A0A-9C75-AE3C5E03F746}"
EndProject
Project("{FAE04EC0-301F-11D3-BF4B-00C04F79EFBC}") = "AppStract.Core", "AppStract.Core\AppStract.Core.csproj", "{73CC3214-9CAD-4723-BBBB-79BE7482E639}"
EndProject
Project("{FAE04EC0-301F-11D3-BF4B-00C04F79EFBC}") = "AppStract.Server", "AppStract.Server\AppStract.Server.csproj", "{4944058E-49BF-4CF8-968D-D905731EC728}"
EndProject
Project("{FAE04EC0-301F-11D3-BF4B-00C04F79EFBC}") = "AppStract.Inject", "AppStract.Inject\AppStract.Inject.csproj", "{35F16113-D3A5-4D1A-AFCB-F778D5197D4E}"
EndProject
Project("{2150E333-8FDC-42A3-9474-1A3956D46DE8}") = "Assets", "Assets", "{04537DA2-B27B-4B63-A793-AB0EE064CD6B}"
	ProjectSection(SolutionItems) = preProject
		Assets\Known Issues.txt = Assets\Known Issues.txt
		Assets\Notes.txt = Assets\Notes.txt
	EndProjectSection
EndProject
Project("{2150E333-8FDC-42A3-9474-1A3956D46DE8}") = "External Libraries", "External Libraries", "{C9EEAB48-D05C-45EA-86A5-761C9289796B}"
	ProjectSection(SolutionItems) = preProject
		External Libraries\System.Data.SQLite.dll = External Libraries\System.Data.SQLite.dll
	EndProjectSection
EndProject
Project("{FAE04EC0-301F-11D3-BF4B-00C04F79EFBC}") = "AppStract.Host", "AppStract.Host\AppStract.Host.csproj", "{735A66C3-D42E-4C07-9125-5304D1F1C542}"
EndProject
Project("{2150E333-8FDC-42A3-9474-1A3956D46DE8}") = "Images", "Images", "{8C33A40B-B952-4C62-A053-30EC00C35AB6}"
	ProjectSection(SolutionItems) = preProject
		Images\applogo.ico = Images\applogo.ico
		Images\logo.jpg = Images\logo.jpg
	EndProjectSection
EndProject
Project("{FAE04EC0-301F-11D3-BF4B-00C04F79EFBC}") = "EasyHook", "EasyHook\EasyHook.csproj", "{AB53862B-3B5C-4EFC-9787-1F01199EBFBF}"
EndProject
Project("{FAE04EC0-301F-11D3-BF4B-00C04F79EFBC}") = "AppStract.Wrapper", "AppStract.Wrapper\AppStract.Wrapper.csproj", "{0D55D71A-B787-4550-B450-E245BB6BCEE1}"
EndProject
Project("{FAE04EC0-301F-11D3-BF4B-00C04F79EFBC}") = "AppStract.Watcher", "AppStract.Watcher\AppStract.Watcher.csproj", "{CF485022-F4D9-4B3B-B112-B3119564478B}"
EndProject
Global
	GlobalSection(SolutionConfigurationPlatforms) = preSolution
		Debug|Any CPU = Debug|Any CPU
		Debug|x86 = Debug|x86
		Release|Any CPU = Release|Any CPU
		Release|x86 = Release|x86
	EndGlobalSection
	GlobalSection(ProjectConfigurationPlatforms) = postSolution
		{9497B6D7-48A2-4B3F-B0A3-880A2A8724C3}.Debug|Any CPU.ActiveCfg = Debug|Any CPU
		{9497B6D7-48A2-4B3F-B0A3-880A2A8724C3}.Debug|Any CPU.Build.0 = Debug|Any CPU
		{9497B6D7-48A2-4B3F-B0A3-880A2A8724C3}.Debug|x86.ActiveCfg = Debug|x86
		{9497B6D7-48A2-4B3F-B0A3-880A2A8724C3}.Debug|x86.Build.0 = Debug|x86
		{9497B6D7-48A2-4B3F-B0A3-880A2A8724C3}.Release|Any CPU.ActiveCfg = Release|Any CPU
		{9497B6D7-48A2-4B3F-B0A3-880A2A8724C3}.Release|Any CPU.Build.0 = Release|Any CPU
		{9497B6D7-48A2-4B3F-B0A3-880A2A8724C3}.Release|x86.ActiveCfg = Release|x86
		{9497B6D7-48A2-4B3F-B0A3-880A2A8724C3}.Release|x86.Build.0 = Release|x86
		{29578947-FFF4-4A0A-9C75-AE3C5E03F746}.Debug|Any CPU.ActiveCfg = Debug|Any CPU
		{29578947-FFF4-4A0A-9C75-AE3C5E03F746}.Debug|Any CPU.Build.0 = Debug|Any CPU
		{29578947-FFF4-4A0A-9C75-AE3C5E03F746}.Debug|x86.ActiveCfg = Debug|x86
		{29578947-FFF4-4A0A-9C75-AE3C5E03F746}.Debug|x86.Build.0 = Debug|x86
		{29578947-FFF4-4A0A-9C75-AE3C5E03F746}.Release|Any CPU.ActiveCfg = Release|Any CPU
		{29578947-FFF4-4A0A-9C75-AE3C5E03F746}.Release|Any CPU.Build.0 = Release|Any CPU
		{29578947-FFF4-4A0A-9C75-AE3C5E03F746}.Release|x86.ActiveCfg = Release|x86
		{29578947-FFF4-4A0A-9C75-AE3C5E03F746}.Release|x86.Build.0 = Release|x86
		{73CC3214-9CAD-4723-BBBB-79BE7482E639}.Debug|Any CPU.ActiveCfg = Debug|Any CPU
		{73CC3214-9CAD-4723-BBBB-79BE7482E639}.Debug|Any CPU.Build.0 = Debug|Any CPU
		{73CC3214-9CAD-4723-BBBB-79BE7482E639}.Debug|x86.ActiveCfg = Debug|x86
		{73CC3214-9CAD-4723-BBBB-79BE7482E639}.Debug|x86.Build.0 = Debug|x86
		{73CC3214-9CAD-4723-BBBB-79BE7482E639}.Release|Any CPU.ActiveCfg = Release|Any CPU
		{73CC3214-9CAD-4723-BBBB-79BE7482E639}.Release|Any CPU.Build.0 = Release|Any CPU
		{73CC3214-9CAD-4723-BBBB-79BE7482E639}.Release|x86.ActiveCfg = Release|x86
		{73CC3214-9CAD-4723-BBBB-79BE7482E639}.Release|x86.Build.0 = Release|x86
		{4944058E-49BF-4CF8-968D-D905731EC728}.Debug|Any CPU.ActiveCfg = Debug|Any CPU
		{4944058E-49BF-4CF8-968D-D905731EC728}.Debug|Any CPU.Build.0 = Debug|Any CPU
		{4944058E-49BF-4CF8-968D-D905731EC728}.Debug|x86.ActiveCfg = Debug|x86
		{4944058E-49BF-4CF8-968D-D905731EC728}.Debug|x86.Build.0 = Debug|x86
		{4944058E-49BF-4CF8-968D-D905731EC728}.Release|Any CPU.ActiveCfg = Release|Any CPU
		{4944058E-49BF-4CF8-968D-D905731EC728}.Release|Any CPU.Build.0 = Release|Any CPU
		{4944058E-49BF-4CF8-968D-D905731EC728}.Release|x86.ActiveCfg = Release|x86
		{4944058E-49BF-4CF8-968D-D905731EC728}.Release|x86.Build.0 = Release|x86
		{35F16113-D3A5-4D1A-AFCB-F778D5197D4E}.Debug|Any CPU.ActiveCfg = Debug|Any CPU
		{35F16113-D3A5-4D1A-AFCB-F778D5197D4E}.Debug|Any CPU.Build.0 = Debug|Any CPU
		{35F16113-D3A5-4D1A-AFCB-F778D5197D4E}.Debug|x86.ActiveCfg = Debug|x86
		{35F16113-D3A5-4D1A-AFCB-F778D5197D4E}.Debug|x86.Build.0 = Debug|x86
		{35F16113-D3A5-4D1A-AFCB-F778D5197D4E}.Release|Any CPU.ActiveCfg = Release|Any CPU
		{35F16113-D3A5-4D1A-AFCB-F778D5197D4E}.Release|Any CPU.Build.0 = Release|Any CPU
		{35F16113-D3A5-4D1A-AFCB-F778D5197D4E}.Release|x86.ActiveCfg = Release|x86
		{35F16113-D3A5-4D1A-AFCB-F778D5197D4E}.Release|x86.Build.0 = Release|x86
		{735A66C3-D42E-4C07-9125-5304D1F1C542}.Debug|Any CPU.ActiveCfg = Debug|Any CPU
		{735A66C3-D42E-4C07-9125-5304D1F1C542}.Debug|Any CPU.Build.0 = Debug|Any CPU
		{735A66C3-D42E-4C07-9125-5304D1F1C542}.Debug|x86.ActiveCfg = Debug|x86
		{735A66C3-D42E-4C07-9125-5304D1F1C542}.Debug|x86.Build.0 = Debug|x86
		{735A66C3-D42E-4C07-9125-5304D1F1C542}.Release|Any CPU.ActiveCfg = Release|Any CPU
		{735A66C3-D42E-4C07-9125-5304D1F1C542}.Release|Any CPU.Build.0 = Release|Any CPU
		{735A66C3-D42E-4C07-9125-5304D1F1C542}.Release|x86.ActiveCfg = Release|x86
		{735A66C3-D42E-4C07-9125-5304D1F1C542}.Release|x86.Build.0 = Release|x86
		{AB53862B-3B5C-4EFC-9787-1F01199EBFBF}.Debug|Any CPU.ActiveCfg = Debug|Any CPU
		{AB53862B-3B5C-4EFC-9787-1F01199EBFBF}.Debug|Any CPU.Build.0 = Debug|Any CPU
		{AB53862B-3B5C-4EFC-9787-1F01199EBFBF}.Debug|x86.ActiveCfg = Debug|x86
		{AB53862B-3B5C-4EFC-9787-1F01199EBFBF}.Debug|x86.Build.0 = Debug|x86
		{AB53862B-3B5C-4EFC-9787-1F01199EBFBF}.Release|Any CPU.ActiveCfg = Release|Any CPU
		{AB53862B-3B5C-4EFC-9787-1F01199EBFBF}.Release|Any CPU.Build.0 = Release|Any CPU
		{AB53862B-3B5C-4EFC-9787-1F01199EBFBF}.Release|x86.ActiveCfg = Release|Any CPU
		{0D55D71A-B787-4550-B450-E245BB6BCEE1}.Debug|Any CPU.ActiveCfg = Debug|Any CPU
		{0D55D71A-B787-4550-B450-E245BB6BCEE1}.Debug|Any CPU.Build.0 = Debug|Any CPU
		{0D55D71A-B787-4550-B450-E245BB6BCEE1}.Debug|x86.ActiveCfg = Debug|x86
		{0D55D71A-B787-4550-B450-E245BB6BCEE1}.Debug|x86.Build.0 = Debug|x86
		{0D55D71A-B787-4550-B450-E245BB6BCEE1}.Release|Any CPU.ActiveCfg = Release|Any CPU
		{0D55D71A-B787-4550-B450-E245BB6BCEE1}.Release|Any CPU.Build.0 = Release|Any CPU
		{0D55D71A-B787-4550-B450-E245BB6BCEE1}.Release|x86.ActiveCfg = Release|Any CPU
		{CF485022-F4D9-4B3B-B112-B3119564478B}.Debug|Any CPU.ActiveCfg = Debug|Any CPU
		{CF485022-F4D9-4B3B-B112-B3119564478B}.Debug|Any CPU.Build.0 = Debug|Any CPU
		{CF485022-F4D9-4B3B-B112-B3119564478B}.Debug|x86.ActiveCfg = Debug|x86
		{CF485022-F4D9-4B3B-B112-B3119564478B}.Debug|x86.Build.0 = Debug|x86
		{CF485022-F4D9-4B3B-B112-B3119564478B}.Release|Any CPU.ActiveCfg = Release|Any CPU
		{CF485022-F4D9-4B3B-B112-B3119564478B}.Release|Any CPU.Build.0 = Release|Any CPU
		{CF485022-F4D9-4B3B-B112-B3119564478B}.Release|x86.ActiveCfg = Release|Any CPU
	EndGlobalSection
	GlobalSection(SolutionProperties) = preSolution
		HideSolutionNode = FALSE
	EndGlobalSection
EndGlobal
