
Microsoft Visual Studio Solution File, Format Version 11.00
# Visual Studio 2010
Project("{2150E333-8FDC-42A3-9474-1A3956D46DE8}") = "Assets", "Assets", "{04537DA2-B27B-4B63-A793-AB0EE064CD6B}"
	ProjectSection(SolutionItems) = preProject
		Assets\Known Issues.txt = Assets\Known Issues.txt
		Assets\Notes.txt = Assets\Notes.txt
	EndProjectSection
EndProject
Project("{2150E333-8FDC-42A3-9474-1A3956D46DE8}") = "External Libraries", "External Libraries", "{C9EEAB48-D05C-45EA-86A5-761C9289796B}"
	ProjectSection(SolutionItems) = preProject
		External Libraries\System.Data.SQLite.dll = External Libraries\System.Data.SQLite.dll
	EndProjectSection
EndProject
Project("{2150E333-8FDC-42A3-9474-1A3956D46DE8}") = "Images", "Images", "{8C33A40B-B952-4C62-A053-30EC00C35AB6}"
	ProjectSection(SolutionItems) = preProject
		Images\applogo.ico = Images\applogo.ico
		Images\logo.jpg = Images\logo.jpg
	EndProjectSection
EndProject
Project("{FAE04EC0-301F-11D3-BF4B-00C04F79EFBC}") = "AppStract.Manager", "AppStract.Manager\AppStract.Manager.csproj", "{9497B6D7-48A2-4B3F-B0A3-880A2A8724C3}"
EndProject
Project("{FAE04EC0-301F-11D3-BF4B-00C04F79EFBC}") = "AppStract.Utilities", "AppStract.Utilities\AppStract.Utilities.csproj", "{29578947-FFF4-4A0A-9C75-AE3C5E03F746}"
EndProject
Project("{FAE04EC0-301F-11D3-BF4B-00C04F79EFBC}") = "AppStract.Host", "AppStract.Host\AppStract.Host.csproj", "{73CC3214-9CAD-4723-BBBB-79BE7482E639}"
EndProject
Project("{FAE04EC0-301F-11D3-BF4B-00C04F79EFBC}") = "AppStract.Engine", "AppStract.Engine\AppStract.Engine.csproj", "{4944058E-49BF-4CF8-968D-D905731EC728}"
EndProject
Project("{FAE04EC0-301F-11D3-BF4B-00C04F79EFBC}") = "AppStract.Inject", "AppStract.Inject\AppStract.Inject.csproj", "{35F16113-D3A5-4D1A-AFCB-F778D5197D4E}"
EndProject
Project("{FAE04EC0-301F-11D3-BF4B-00C04F79EFBC}") = "EasyHook", "EasyHook\EasyHook.csproj", "{AB53862B-3B5C-4EFC-9787-1F01199EBFBF}"
EndProject
Project("{FAE04EC0-301F-11D3-BF4B-00C04F79EFBC}") = "AppStract.Wrapper", "AppStract.Wrapper\AppStract.Wrapper.csproj", "{0D55D71A-B787-4550-B450-E245BB6BCEE1}"
EndProject
Project("{FAE04EC0-301F-11D3-BF4B-00C04F79EFBC}") = "AppStract.Watcher", "AppStract.Watcher\AppStract.Watcher.csproj", "{CF485022-F4D9-4B3B-B112-B3119564478B}"
EndProject
Project("{FAE04EC0-301F-11D3-BF4B-00C04F79EFBC}") = "AppStract.UnitTesting", "AppStract.UnitTesting\AppStract.UnitTesting.csproj", "{915639C5-BB43-474F-97CB-B29033BFE922}"
EndProject
Project("{FAE04EC0-301F-11D3-BF4B-00C04F79EFBC}") = "AppStract.Utilities.GUI", "AppStract.Utilities.GUI\AppStract.Utilities.GUI.csproj", "{3421E153-CCA5-4819-9907-02340B8EB11B}"
EndProject
Global
	GlobalSection(SolutionConfigurationPlatforms) = preSolution
		Debug|Any CPU = Debug|Any CPU
		Debug|x86 = Debug|x86
		Release|Any CPU = Release|Any CPU
		Release|x86 = Release|x86
		UnitTesting|Any CPU = UnitTesting|Any CPU
		UnitTesting|x86 = UnitTesting|x86
	EndGlobalSection
	GlobalSection(ProjectConfigurationPlatforms) = postSolution
		{9497B6D7-48A2-4B3F-B0A3-880A2A8724C3}.Debug|Any CPU.ActiveCfg = Debug|Any CPU
		{9497B6D7-48A2-4B3F-B0A3-880A2A8724C3}.Debug|Any CPU.Build.0 = Debug|Any CPU
		{9497B6D7-48A2-4B3F-B0A3-880A2A8724C3}.Debug|x86.ActiveCfg = Debug|x86
		{9497B6D7-48A2-4B3F-B0A3-880A2A8724C3}.Debug|x86.Build.0 = Debug|x86
		{9497B6D7-48A2-4B3F-B0A3-880A2A8724C3}.Release|Any CPU.ActiveCfg = Release|Any CPU
		{9497B6D7-48A2-4B3F-B0A3-880A2A8724C3}.Release|Any CPU.Build.0 = Release|Any CPU
		{9497B6D7-48A2-4B3F-B0A3-880A2A8724C3}.Release|x86.ActiveCfg = Release|x86
		{9497B6D7-48A2-4B3F-B0A3-880A2A8724C3}.Release|x86.Build.0 = Release|x86
		{9497B6D7-48A2-4B3F-B0A3-880A2A8724C3}.UnitTesting|Any CPU.ActiveCfg = UnitTesting|Any CPU
		{9497B6D7-48A2-4B3F-B0A3-880A2A8724C3}.UnitTesting|Any CPU.Build.0 = UnitTesting|Any CPU
		{9497B6D7-48A2-4B3F-B0A3-880A2A8724C3}.UnitTesting|x86.ActiveCfg = UnitTesting|x86
		{9497B6D7-48A2-4B3F-B0A3-880A2A8724C3}.UnitTesting|x86.Build.0 = UnitTesting|x86
		{29578947-FFF4-4A0A-9C75-AE3C5E03F746}.Debug|Any CPU.ActiveCfg = Debug|Any CPU
		{29578947-FFF4-4A0A-9C75-AE3C5E03F746}.Debug|Any CPU.Build.0 = Debug|Any CPU
		{29578947-FFF4-4A0A-9C75-AE3C5E03F746}.Debug|x86.ActiveCfg = Debug|x86
		{29578947-FFF4-4A0A-9C75-AE3C5E03F746}.Debug|x86.Build.0 = Debug|x86
		{29578947-FFF4-4A0A-9C75-AE3C5E03F746}.Release|Any CPU.ActiveCfg = Release|Any CPU
		{29578947-FFF4-4A0A-9C75-AE3C5E03F746}.Release|Any CPU.Build.0 = Release|Any CPU
		{29578947-FFF4-4A0A-9C75-AE3C5E03F746}.Release|x86.ActiveCfg = Release|x86
		{29578947-FFF4-4A0A-9C75-AE3C5E03F746}.Release|x86.Build.0 = Release|x86
		{29578947-FFF4-4A0A-9C75-AE3C5E03F746}.UnitTesting|Any CPU.ActiveCfg = UnitTesting|Any CPU
		{29578947-FFF4-4A0A-9C75-AE3C5E03F746}.UnitTesting|Any CPU.Build.0 = UnitTesting|Any CPU
		{29578947-FFF4-4A0A-9C75-AE3C5E03F746}.UnitTesting|x86.ActiveCfg = UnitTesting|x86
		{29578947-FFF4-4A0A-9C75-AE3C5E03F746}.UnitTesting|x86.Build.0 = UnitTesting|x86
		{73CC3214-9CAD-4723-BBBB-79BE7482E639}.Debug|Any CPU.ActiveCfg = Debug|Any CPU
		{73CC3214-9CAD-4723-BBBB-79BE7482E639}.Debug|Any CPU.Build.0 = Debug|Any CPU
		{73CC3214-9CAD-4723-BBBB-79BE7482E639}.Debug|x86.ActiveCfg = Debug|x86
		{73CC3214-9CAD-4723-BBBB-79BE7482E639}.Debug|x86.Build.0 = Debug|x86
		{73CC3214-9CAD-4723-BBBB-79BE7482E639}.Release|Any CPU.ActiveCfg = Release|Any CPU
		{73CC3214-9CAD-4723-BBBB-79BE7482E639}.Release|Any CPU.Build.0 = Release|Any CPU
		{73CC3214-9CAD-4723-BBBB-79BE7482E639}.Release|x86.ActiveCfg = Release|x86
		{73CC3214-9CAD-4723-BBBB-79BE7482E639}.Release|x86.Build.0 = Release|x86
		{73CC3214-9CAD-4723-BBBB-79BE7482E639}.UnitTesting|Any CPU.ActiveCfg = UnitTesting|Any CPU
		{73CC3214-9CAD-4723-BBBB-79BE7482E639}.UnitTesting|Any CPU.Build.0 = UnitTesting|Any CPU
		{73CC3214-9CAD-4723-BBBB-79BE7482E639}.UnitTesting|x86.ActiveCfg = UnitTesting|x86
		{73CC3214-9CAD-4723-BBBB-79BE7482E639}.UnitTesting|x86.Build.0 = UnitTesting|x86
		{4944058E-49BF-4CF8-968D-D905731EC728}.Debug|Any CPU.ActiveCfg = Debug|Any CPU
		{4944058E-49BF-4CF8-968D-D905731EC728}.Debug|Any CPU.Build.0 = Debug|Any CPU
		{4944058E-49BF-4CF8-968D-D905731EC728}.Debug|x86.ActiveCfg = Debug|x86
		{4944058E-49BF-4CF8-968D-D905731EC728}.Debug|x86.Build.0 = Debug|x86
		{4944058E-49BF-4CF8-968D-D905731EC728}.Release|Any CPU.ActiveCfg = Release|Any CPU
		{4944058E-49BF-4CF8-968D-D905731EC728}.Release|Any CPU.Build.0 = Release|Any CPU
		{4944058E-49BF-4CF8-968D-D905731EC728}.Release|x86.ActiveCfg = Release|x86
		{4944058E-49BF-4CF8-968D-D905731EC728}.Release|x86.Build.0 = Release|x86
		{4944058E-49BF-4CF8-968D-D905731EC728}.UnitTesting|Any CPU.ActiveCfg = UnitTesting|Any CPU
		{4944058E-49BF-4CF8-968D-D905731EC728}.UnitTesting|Any CPU.Build.0 = UnitTesting|Any CPU
		{4944058E-49BF-4CF8-968D-D905731EC728}.UnitTesting|x86.ActiveCfg = UnitTesting|x86
		{4944058E-49BF-4CF8-968D-D905731EC728}.UnitTesting|x86.Build.0 = UnitTesting|x86
		{35F16113-D3A5-4D1A-AFCB-F778D5197D4E}.Debug|Any CPU.ActiveCfg = Debug|Any CPU
		{35F16113-D3A5-4D1A-AFCB-F778D5197D4E}.Debug|Any CPU.Build.0 = Debug|Any CPU
		{35F16113-D3A5-4D1A-AFCB-F778D5197D4E}.Debug|x86.ActiveCfg = Debug|x86
		{35F16113-D3A5-4D1A-AFCB-F778D5197D4E}.Debug|x86.Build.0 = Debug|x86
		{35F16113-D3A5-4D1A-AFCB-F778D5197D4E}.Release|Any CPU.ActiveCfg = Release|Any CPU
		{35F16113-D3A5-4D1A-AFCB-F778D5197D4E}.Release|Any CPU.Build.0 = Release|Any CPU
		{35F16113-D3A5-4D1A-AFCB-F778D5197D4E}.Release|x86.ActiveCfg = Release|x86
		{35F16113-D3A5-4D1A-AFCB-F778D5197D4E}.Release|x86.Build.0 = Release|x86
		{35F16113-D3A5-4D1A-AFCB-F778D5197D4E}.UnitTesting|Any CPU.ActiveCfg = UnitTesting|Any CPU
		{35F16113-D3A5-4D1A-AFCB-F778D5197D4E}.UnitTesting|Any CPU.Build.0 = UnitTesting|Any CPU
		{35F16113-D3A5-4D1A-AFCB-F778D5197D4E}.UnitTesting|x86.ActiveCfg = UnitTesting|x86
		{35F16113-D3A5-4D1A-AFCB-F778D5197D4E}.UnitTesting|x86.Build.0 = UnitTesting|x86
		{AB53862B-3B5C-4EFC-9787-1F01199EBFBF}.Debug|Any CPU.ActiveCfg = Debug|Any CPU
		{AB53862B-3B5C-4EFC-9787-1F01199EBFBF}.Debug|Any CPU.Build.0 = Debug|Any CPU
		{AB53862B-3B5C-4EFC-9787-1F01199EBFBF}.Debug|x86.ActiveCfg = Debug|x86
		{AB53862B-3B5C-4EFC-9787-1F01199EBFBF}.Debug|x86.Build.0 = Debug|x86
		{AB53862B-3B5C-4EFC-9787-1F01199EBFBF}.Release|Any CPU.ActiveCfg = Release|Any CPU
		{AB53862B-3B5C-4EFC-9787-1F01199EBFBF}.Release|Any CPU.Build.0 = Release|Any CPU
		{AB53862B-3B5C-4EFC-9787-1F01199EBFBF}.Release|x86.ActiveCfg = Release|Any CPU
		{AB53862B-3B5C-4EFC-9787-1F01199EBFBF}.UnitTesting|Any CPU.ActiveCfg = UnitTesting|Any CPU
		{AB53862B-3B5C-4EFC-9787-1F01199EBFBF}.UnitTesting|Any CPU.Build.0 = UnitTesting|Any CPU
		{AB53862B-3B5C-4EFC-9787-1F01199EBFBF}.UnitTesting|x86.ActiveCfg = UnitTesting|x86
		{AB53862B-3B5C-4EFC-9787-1F01199EBFBF}.UnitTesting|x86.Build.0 = UnitTesting|x86
		{0D55D71A-B787-4550-B450-E245BB6BCEE1}.Debug|Any CPU.ActiveCfg = Debug|Any CPU
		{0D55D71A-B787-4550-B450-E245BB6BCEE1}.Debug|Any CPU.Build.0 = Debug|Any CPU
		{0D55D71A-B787-4550-B450-E245BB6BCEE1}.Debug|x86.ActiveCfg = Debug|x86
		{0D55D71A-B787-4550-B450-E245BB6BCEE1}.Debug|x86.Build.0 = Debug|x86
		{0D55D71A-B787-4550-B450-E245BB6BCEE1}.Release|Any CPU.ActiveCfg = Release|Any CPU
		{0D55D71A-B787-4550-B450-E245BB6BCEE1}.Release|Any CPU.Build.0 = Release|Any CPU
		{0D55D71A-B787-4550-B450-E245BB6BCEE1}.Release|x86.ActiveCfg = Release|Any CPU
		{0D55D71A-B787-4550-B450-E245BB6BCEE1}.UnitTesting|Any CPU.ActiveCfg = UnitTesting|Any CPU
		{0D55D71A-B787-4550-B450-E245BB6BCEE1}.UnitTesting|Any CPU.Build.0 = UnitTesting|Any CPU
		{0D55D71A-B787-4550-B450-E245BB6BCEE1}.UnitTesting|x86.ActiveCfg = UnitTesting|x86
		{0D55D71A-B787-4550-B450-E245BB6BCEE1}.UnitTesting|x86.Build.0 = UnitTesting|x86
		{CF485022-F4D9-4B3B-B112-B3119564478B}.Debug|Any CPU.ActiveCfg = Debug|Any CPU
		{CF485022-F4D9-4B3B-B112-B3119564478B}.Debug|Any CPU.Build.0 = Debug|Any CPU
		{CF485022-F4D9-4B3B-B112-B3119564478B}.Debug|x86.ActiveCfg = Debug|x86
		{CF485022-F4D9-4B3B-B112-B3119564478B}.Debug|x86.Build.0 = Debug|x86
		{CF485022-F4D9-4B3B-B112-B3119564478B}.Release|Any CPU.ActiveCfg = Release|Any CPU
		{CF485022-F4D9-4B3B-B112-B3119564478B}.Release|Any CPU.Build.0 = Release|Any CPU
		{CF485022-F4D9-4B3B-B112-B3119564478B}.Release|x86.ActiveCfg = Release|Any CPU
		{CF485022-F4D9-4B3B-B112-B3119564478B}.UnitTesting|Any CPU.ActiveCfg = UnitTesting|Any CPU
		{CF485022-F4D9-4B3B-B112-B3119564478B}.UnitTesting|Any CPU.Build.0 = UnitTesting|Any CPU
		{CF485022-F4D9-4B3B-B112-B3119564478B}.UnitTesting|x86.ActiveCfg = UnitTesting|x86
		{CF485022-F4D9-4B3B-B112-B3119564478B}.UnitTesting|x86.Build.0 = UnitTesting|x86
		{915639C5-BB43-474F-97CB-B29033BFE922}.Debug|Any CPU.ActiveCfg = Debug|Any CPU
		{915639C5-BB43-474F-97CB-B29033BFE922}.Debug|x86.ActiveCfg = Debug|Any CPU
		{915639C5-BB43-474F-97CB-B29033BFE922}.Release|Any CPU.ActiveCfg = Release|Any CPU
		{915639C5-BB43-474F-97CB-B29033BFE922}.Release|Any CPU.Build.0 = Release|Any CPU
		{915639C5-BB43-474F-97CB-B29033BFE922}.Release|x86.ActiveCfg = Release|Any CPU
		{915639C5-BB43-474F-97CB-B29033BFE922}.UnitTesting|Any CPU.ActiveCfg = UnitTesting|Any CPU
		{915639C5-BB43-474F-97CB-B29033BFE922}.UnitTesting|x86.ActiveCfg = UnitTesting|x86
		{915639C5-BB43-474F-97CB-B29033BFE922}.UnitTesting|x86.Build.0 = UnitTesting|x86
		{3421E153-CCA5-4819-9907-02340B8EB11B}.Debug|Any CPU.ActiveCfg = Debug|Any CPU
		{3421E153-CCA5-4819-9907-02340B8EB11B}.Debug|Any CPU.Build.0 = Debug|Any CPU
		{3421E153-CCA5-4819-9907-02340B8EB11B}.Debug|x86.ActiveCfg = Debug|x86
		{3421E153-CCA5-4819-9907-02340B8EB11B}.Debug|x86.Build.0 = Debug|x86
		{3421E153-CCA5-4819-9907-02340B8EB11B}.Release|Any CPU.ActiveCfg = Release|Any CPU
		{3421E153-CCA5-4819-9907-02340B8EB11B}.Release|Any CPU.Build.0 = Release|Any CPU
		{3421E153-CCA5-4819-9907-02340B8EB11B}.Release|x86.ActiveCfg = Release|Any CPU
		{3421E153-CCA5-4819-9907-02340B8EB11B}.UnitTesting|Any CPU.ActiveCfg = Release|Any CPU
		{3421E153-CCA5-4819-9907-02340B8EB11B}.UnitTesting|Any CPU.Build.0 = Release|Any CPU
		{3421E153-CCA5-4819-9907-02340B8EB11B}.UnitTesting|x86.ActiveCfg = UnitTesting|x86
		{3421E153-CCA5-4819-9907-02340B8EB11B}.UnitTesting|x86.Build.0 = UnitTesting|x86
	EndGlobalSection
	GlobalSection(SolutionProperties) = preSolution
		HideSolutionNode = FALSE
	EndGlobalSection
EndGlobal
